
Microsoft Visual Studio Solution File, Format Version 12.00
# Visual Studio Version 17
VisualStudioVersion = 17.1.32421.90
MinimumVisualStudioVersion = 10.0.40219.1
Project("{9A19103F-16F7-4668-BE54-9A1E7A4F7556}") = "MvcCV", "MvcCV\MvcCV.csproj", "{3AB1B654-7FB3-4786-B9B7-11BFB18C7CD1}"
EndProject
Project("{FAE04EC0-301F-11D3-BF4B-00C04F79EFBC}") = "BusinessLayer", "BusinessLayer\BusinessLayer.csproj", "{401733CF-4664-47E2-AD91-2270BEE9A12D}"
EndProject
Project("{FAE04EC0-301F-11D3-BF4B-00C04F79EFBC}") = "DataAccessLayer", "DataAccessLayer\DataAccessLayer.csproj", "{2AF9ACFE-E76B-4E76-A5BD-1BA084AC8E45}"
EndProject
Global
	GlobalSection(SolutionConfigurationPlatforms) = preSolution
		Debug|Any CPU = Debug|Any CPU
		Release|Any CPU = Release|Any CPU
	EndGlobalSection
	GlobalSection(ProjectConfigurationPlatforms) = postSolution
		{3AB1B654-7FB3-4786-B9B7-11BFB18C7CD1}.Debug|Any CPU.ActiveCfg = Debug|Any CPU
		{3AB1B654-7FB3-4786-B9B7-11BFB18C7CD1}.Debug|Any CPU.Build.0 = Debug|Any CPU
		{3AB1B654-7FB3-4786-B9B7-11BFB18C7CD1}.Release|Any CPU.ActiveCfg = Release|Any CPU
		{3AB1B654-7FB3-4786-B9B7-11BFB18C7CD1}.Release|Any CPU.Build.0 = Release|Any CPU
		{401733CF-4664-47E2-AD91-2270BEE9A12D}.Debug|Any CPU.ActiveCfg = Debug|Any CPU
		{401733CF-4664-47E2-AD91-2270BEE9A12D}.Debug|Any CPU.Build.0 = Debug|Any CPU
		{401733CF-4664-47E2-AD91-2270BEE9A12D}.Release|Any CPU.ActiveCfg = Release|Any CPU
		{401733CF-4664-47E2-AD91-2270BEE9A12D}.Release|Any CPU.Build.0 = Release|Any CPU
		{2AF9ACFE-E76B-4E76-A5BD-1BA084AC8E45}.Debug|Any CPU.ActiveCfg = Debug|Any CPU
		{2AF9ACFE-E76B-4E76-A5BD-1BA084AC8E45}.Debug|Any CPU.Build.0 = Debug|Any CPU
		{2AF9ACFE-E76B-4E76-A5BD-1BA084AC8E45}.Release|Any CPU.ActiveCfg = Release|Any CPU
		{2AF9ACFE-E76B-4E76-A5BD-1BA084AC8E45}.Release|Any CPU.Build.0 = Release|Any CPU
	EndGlobalSection
	GlobalSection(SolutionProperties) = preSolution
		HideSolutionNode = FALSE
	EndGlobalSection
	GlobalSection(ExtensibilityGlobals) = postSolution
		SolutionGuid = {BF4C6AC4-908E-46DA-970B-DA51802154A9}
	EndGlobalSection
EndGlobal
